// !$*UTF8*$!
{
	archiveVersion = 1;
	classes = {
	};
	objectVersion = 56;
	objects = {

/* Begin PBXBuildFile section */
		AABB000000000020AABB0020 /* statsBarApp.swift in Sources */ = {isa = PBXBuildFile; fileRef = AABB000000000010AABB0010 /* statsBarApp.swift */; };
		AABB000000000021AABB0021 /* StatsModel.swift in Sources */ = {isa = PBXBuildFile; fileRef = AABB000000000011AABB0011 /* StatsModel.swift */; };
		AABB000000000022AABB0022 /* CPUMonitor.swift in Sources */ = {isa = PBXBuildFile; fileRef = AABB000000000012AABB0012 /* CPUMonitor.swift */; };
		AABB000000000023AABB0023 /* MemoryMonitor.swift in Sources */ = {isa = PBXBuildFile; fileRef = AABB000000000013AABB0013 /* MemoryMonitor.swift */; };
		AABB000000000024AABB0024 /* NetworkMonitor.swift in Sources */ = {isa = PBXBuildFile; fileRef = AABB000000000014AABB0014 /* NetworkMonitor.swift */; };
		AABB000000000025AABB0025 /* DiskMonitor.swift in Sources */ = {isa = PBXBuildFile; fileRef = AABB000000000015AABB0015 /* DiskMonitor.swift */; };
		AABB000000000026AABB0026 /* BatteryMonitor.swift in Sources */ = {isa = PBXBuildFile; fileRef = AABB000000000016AABB0016 /* BatteryMonitor.swift */; };
		AABB000000000027AABB0027 /* MenuBarLabel.swift in Sources */ = {isa = PBXBuildFile; fileRef = AABB000000000017AABB0017 /* MenuBarLabel.swift */; };
		AABB000000000028AABB0028 /* StatsPopupView.swift in Sources */ = {isa = PBXBuildFile; fileRef = AABB000000000018AABB0018 /* StatsPopupView.swift */; };
		AABB000000000029AABB0029 /* Formatters.swift in Sources */ = {isa = PBXBuildFile; fileRef = AABB000000000019AABB0019 /* Formatters.swift */; };
		AABB00000000002AAABB002A /* Assets.xcassets in Resources */ = {isa = PBXBuildFile; fileRef = AABB00000000001AAABB001A /* Assets.xcassets */; };
		AABB00000000002BAABB002B /* IOKit.framework in Frameworks */ = {isa = PBXBuildFile; fileRef = AABB00000000001BAABB001B /* IOKit.framework */; };
/* End PBXBuildFile section */

/* Begin PBXFileReference section */
		AABB000000000005AABB0005 /* statsBar.app */ = {isa = PBXFileReference; explicitFileType = wrapper.application; includeInIndex = 0; path = statsBar.app; sourceTree = BUILT_PRODUCTS_DIR; };
		AABB000000000010AABB0010 /* statsBarApp.swift */ = {isa = PBXFileReference; lastKnownFileType = sourcecode.swift; path = statsBarApp.swift; sourceTree = "<group>"; };
		AABB000000000011AABB0011 /* StatsModel.swift */ = {isa = PBXFileReference; lastKnownFileType = sourcecode.swift; path = StatsModel.swift; sourceTree = "<group>"; };
		AABB000000000012AABB0012 /* CPUMonitor.swift */ = {isa = PBXFileReference; lastKnownFileType = sourcecode.swift; path = CPUMonitor.swift; sourceTree = "<group>"; };
		AABB000000000013AABB0013 /* MemoryMonitor.swift */ = {isa = PBXFileReference; lastKnownFileType = sourcecode.swift; path = MemoryMonitor.swift; sourceTree = "<group>"; };
		AABB000000000014AABB0014 /* NetworkMonitor.swift */ = {isa = PBXFileReference; lastKnownFileType = sourcecode.swift; path = NetworkMonitor.swift; sourceTree = "<group>"; };
		AABB000000000015AABB0015 /* DiskMonitor.swift */ = {isa = PBXFileReference; lastKnownFileType = sourcecode.swift; path = DiskMonitor.swift; sourceTree = "<group>"; };
		AABB000000000016AABB0016 /* BatteryMonitor.swift */ = {isa = PBXFileReference; lastKnownFileType = sourcecode.swift; path = BatteryMonitor.swift; sourceTree = "<group>"; };
		AABB000000000017AABB0017 /* MenuBarLabel.swift */ = {isa = PBXFileReference; lastKnownFileType = sourcecode.swift; path = MenuBarLabel.swift; sourceTree = "<group>"; };
		AABB000000000018AABB0018 /* StatsPopupView.swift */ = {isa = PBXFileReference; lastKnownFileType = sourcecode.swift; path = StatsPopupView.swift; sourceTree = "<group>"; };
		AABB000000000019AABB0019 /* Formatters.swift */ = {isa = PBXFileReference; lastKnownFileType = sourcecode.swift; path = Formatters.swift; sourceTree = "<group>"; };
		AABB00000000001AAABB001A /* Assets.xcassets */ = {isa = PBXFileReference; lastKnownFileType = folder.assetcatalog; path = Assets.xcassets; sourceTree = "<group>"; };
		AABB00000000001BAABB001B /* IOKit.framework */ = {isa = PBXFileReference; lastKnownFileType = wrapper.framework; name = IOKit.framework; path = System/Library/Frameworks/IOKit.framework; sourceTree = SDKROOT; };
		AABB00000000001CAABB001C /* Info.plist */ = {isa = PBXFileReference; lastKnownFileType = text.plist.xml; path = Info.plist; sourceTree = "<group>"; };
/* End PBXFileReference section */

/* Begin PBXFrameworksBuildPhase section */
		AABB000000000008AABB0008 /* Frameworks */ = {
			isa = PBXFrameworksBuildPhase;
			buildActionMask = 2147483647;
			files = (
				AABB00000000002BAABB002B /* IOKit.framework in Frameworks */,
			);
			runOnlyForDeploymentPostprocessing = 0;
		};
/* End PBXFrameworksBuildPhase section */

/* Begin PBXGroup section */
		AABB000000000002AABB0002 /* Root */ = {
			isa = PBXGroup;
			children = (
				AABB000000000003AABB0003 /* statsBar */,
				AABB000000000030AABB0030 /* Frameworks */,
				AABB000000000004AABB0004 /* Products */,
			);
			sourceTree = "<group>";
		};
		AABB000000000003AABB0003 /* statsBar */ = {
			isa = PBXGroup;
			children = (
				AABB000000000010AABB0010 /* statsBarApp.swift */,
				AABB000000000011AABB0011 /* StatsModel.swift */,
				AABB000000000012AABB0012 /* CPUMonitor.swift */,
				AABB000000000013AABB0013 /* MemoryMonitor.swift */,
				AABB000000000014AABB0014 /* NetworkMonitor.swift */,
				AABB000000000015AABB0015 /* DiskMonitor.swift */,
				AABB000000000016AABB0016 /* BatteryMonitor.swift */,
				AABB000000000017AABB0017 /* MenuBarLabel.swift */,
				AABB000000000018AABB0018 /* StatsPopupView.swift */,
				AABB000000000019AABB0019 /* Formatters.swift */,
				AABB00000000001AAABB001A /* Assets.xcassets */,
				AABB00000000001CAABB001C /* Info.plist */,
			);
			path = statsBar;
			sourceTree = "<group>";
		};
		AABB000000000004AABB0004 /* Products */ = {
			isa = PBXGroup;
			children = (
				AABB000000000005AABB0005 /* statsBar.app */,
			);
			name = Products;
			sourceTree = "<group>";
		};
		AABB000000000030AABB0030 /* Frameworks */ = {
			isa = PBXGroup;
			children = (
				AABB00000000001BAABB001B /* IOKit.framework */,
			);
			name = Frameworks;
			sourceTree = "<group>";
		};
/* End PBXGroup section */

/* Begin PBXNativeTarget section */
		AABB000000000006AABB0006 /* statsBar */ = {
			isa = PBXNativeTarget;
			buildConfigurationList = AABB000000000031AABB0031 /* Build configuration list for PBXNativeTarget "statsBar" */;
			buildPhases = (
				AABB000000000007AABB0007 /* Sources */,
				AABB000000000008AABB0008 /* Frameworks */,
				AABB000000000009AABB0009 /* Resources */,
			);
			buildRules = (
			);
			dependencies = (
			);
			name = statsBar;
			productName = statsBar;
			productReference = AABB000000000005AABB0005 /* statsBar.app */;
			productType = "com.apple.product-type.application";
		};
/* End PBXNativeTarget section */

/* Begin PBXProject section */
		AABB000000000001AABB0001 /* Project object */ = {
			isa = PBXProject;
			attributes = {
				BuildIndependentTargetsInParallel = 1;
				LastSwiftUpdateCheck = 1500;
				LastUpgradeCheck = 1500;
				TargetAttributes = {
					AABB000000000006AABB0006 = {
						CreatedOnToolsVersion = 15.0;
					};
				};
			};
			buildConfigurationList = AABB00000000000AAABB000A /* Build configuration list for PBXProject "statsBar" */;
			compatibilityVersion = "Xcode 14.0";
			developmentRegion = en;
			hasScannedForEncodings = 0;
			knownRegions = (
				en,
				Base,
			);
			mainGroup = AABB000000000002AABB0002;
			productRefGroup = AABB000000000004AABB0004 /* Products */;
			projectDirPath = "";
			projectRoot = "";
			targets = (
				AABB000000000006AABB0006 /* statsBar */,
			);
		};
/* End PBXProject section */

/* Begin PBXResourcesBuildPhase section */
		AABB000000000009AABB0009 /* Resources */ = {
			isa = PBXResourcesBuildPhase;
			buildActionMask = 2147483647;
			files = (
				AABB00000000002AAABB002A /* Assets.xcassets in Resources */,
			);
			runOnlyForDeploymentPostprocessing = 0;
		};
/* End PBXResourcesBuildPhase section */

/* Begin PBXSourcesBuildPhase section */
		AABB000000000007AABB0007 /* Sources */ = {
			isa = PBXSourcesBuildPhase;
			buildActionMask = 2147483647;
			files = (
				AABB000000000020AABB0020 /* statsBarApp.swift in Sources */,
				AABB000000000021AABB0021 /* StatsModel.swift in Sources */,
				AABB000000000022AABB0022 /* CPUMonitor.swift in Sources */,
				AABB000000000023AABB0023 /* MemoryMonitor.swift in Sources */,
				AABB000000000024AABB0024 /* NetworkMonitor.swift in Sources */,
				AABB000000000025AABB0025 /* DiskMonitor.swift in Sources */,
				AABB000000000026AABB0026 /* BatteryMonitor.swift in Sources */,
				AABB000000000027AABB0027 /* MenuBarLabel.swift in Sources */,
				AABB000000000028AABB0028 /* StatsPopupView.swift in Sources */,
				AABB000000000029AABB0029 /* Formatters.swift in Sources */,
			);
			runOnlyForDeploymentPostprocessing = 0;
		};
/* End PBXSourcesBuildPhase section */

/* Begin XCBuildConfiguration section */
		AABB00000000000CAABB000C /* Debug */ = {
			isa = XCBuildConfiguration;
			buildSettings = {
				ALWAYS_SEARCH_USER_PATHS = NO;
				ASSETCATALOG_COMPILER_GENERATE_SWIFT_ASSET_SYMBOL_EXTENSIONS = YES;
				CLANG_ANALYZER_NONNULL = YES;
				CLANG_ANALYZER_NUMBER_OBJECT_CONVERSION = YES_AGGRESSIVE;
				CLANG_CXX_LANGUAGE_STANDARD = "gnu++20";
				CLANG_ENABLE_MODULES = YES;
				CLANG_ENABLE_OBJC_ARC = YES;
				CLANG_ENABLE_OBJC_WEAK = YES;
				CLANG_WARN_BLOCK_CAPTURE_AUTORELEASING = YES;
				CLANG_WARN_BOOL_CONVERSION = YES;
				CLANG_WARN_COMMA = YES;
				CLANG_WARN_CONSTANT_CONVERSION = YES;
				CLANG_WARN_DEPRECATED_OBJC_IMPLEMENTATIONS = YES;
				CLANG_WARN_DIRECT_OBJC_ISA_USAGE = YES_ERROR;
				CLANG_WARN_DOCUMENTATION_COMMENTS = YES;
				CLANG_WARN_EMPTY_BODY = YES;
				CLANG_WARN_ENUM_CONVERSION = YES;
				CLANG_WARN_INFINITE_RECURSION = YES;
				CLANG_WARN_INT_CONVERSION = YES;
				CLANG_WARN_NON_LITERAL_NULL_CONVERSION = YES;
				CLANG_WARN_OBJC_IMPLICIT_RETAIN_CYCLE = YES;
				CLANG_WARN_OBJC_LITERAL_CONVERSION = YES;
				CLANG_WARN_OBJC_ROOT_CLASS = YES_ERROR;
				CLANG_WARN_QUOTED_INCLUDE_IN_FRAMEWORK_HEADER = YES;
				CLANG_WARN_RANGE_LOOP_ANALYSIS = YES;
				CLANG_WARN_STRICT_PROTOTYPES = YES;
				CLANG_WARN_SUSPICIOUS_MOVE = YES;
				CLANG_WARN_UNGUARDED_AVAILABILITY = YES_AGGRESSIVE;
				CLANG_WARN_UNREACHABLE_CODE = YES;
				CLANG_WARN__DUPLICATE_METHOD_MATCH = YES;
				COPY_PHASE_STRIP = NO;
				DEBUG_INFORMATION_FORMAT = dwarf;
				ENABLE_STRICT_OBJC_MSGSEND = YES;
				ENABLE_TESTABILITY = YES;
				ENABLE_USER_SCRIPT_SANDBOXING = YES;
				GCC_C_LANGUAGE_STANDARD = gnu17;
				GCC_DYNAMIC_NO_PIC = NO;
				GCC_NO_COMMON_BLOCKS = YES;
				GCC_OPTIMIZATION_LEVEL = 0;
				GCC_PREPROCESSOR_DEFINITIONS = (
					"DEBUG=1",
					"$(inherited)",
				);
				GCC_WARN_64_TO_32_BIT_CONVERSION = YES;
				GCC_WARN_ABOUT_RETURN_TYPE = YES_ERROR;
				GCC_WARN_UNDECLARED_SELECTOR = YES;
				GCC_WARN_UNINITIALIZED_AUTOS = YES_AGGRESSIVE;
				GCC_WARN_UNUSED_FUNCTION = YES;
				GCC_WARN_UNUSED_VARIABLE = YES;
				LOCALIZATION_PREFERS_STRING_CATALOGS = YES;
				MACOSX_DEPLOYMENT_TARGET = 13.0;
				MTL_ENABLE_DEBUG_INFO = INCLUDE_SOURCE;
				MTL_FAST_MATH = YES;
				ONLY_ACTIVE_ARCH = YES;
				SDKROOT = macosx;
				SWIFT_ACTIVE_COMPILATION_CONDITIONS = "DEBUG $(inherited)";
				SWIFT_OPTIMIZATION_LEVEL = "-Onone";
			};
			name = Debug;
		};
		AABB00000000000DAABB000D /* Release */ = {
			isa = XCBuildConfiguration;
			buildSettings = {
				ALWAYS_SEARCH_USER_PATHS = NO;
				ASSETCATALOG_COMPILER_GENERATE_SWIFT_ASSET_SYMBOL_EXTENSIONS = YES;
				CLANG_ANALYZER_NONNULL = YES;
				CLANG_ANALYZER_NUMBER_OBJECT_CONVERSION = YES_AGGRESSIVE;
				CLANG_CXX_LANGUAGE_STANDARD = "gnu++20";
				CLANG_ENABLE_MODULES = YES;
				CLANG_ENABLE_OBJC_ARC = YES;
				CLANG_ENABLE_OBJC_WEAK = YES;
				CLANG_WARN_BLOCK_CAPTURE_AUTORELEASING = YES;
				CLANG_WARN_BOOL_CONVERSION = YES;
				CLANG_WARN_COMMA = YES;
				CLANG_WARN_CONSTANT_CONVERSION = YES;
				CLANG_WARN_DEPRECATED_OBJC_IMPLEMENTATIONS = YES;
				CLANG_WARN_DIRECT_OBJC_ISA_USAGE = YES_ERROR;
				CLANG_WARN_DOCUMENTATION_COMMENTS = YES;
				CLANG_WARN_EMPTY_BODY = YES;
				CLANG_WARN_ENUM_CONVERSION = YES;
				CLANG_WARN_INFINITE_RECURSION = YES;
				CLANG_WARN_INT_CONVERSION = YES;
				CLANG_WARN_NON_LITERAL_NULL_CONVERSION = YES;
				CLANG_WARN_OBJC_IMPLICIT_RETAIN_CYCLE = YES;
				CLANG_WARN_OBJC_LITERAL_CONVERSION = YES;
				CLANG_WARN_OBJC_ROOT_CLASS = YES_ERROR;
				CLANG_WARN_QUOTED_INCLUDE_IN_FRAMEWORK_HEADER = YES;
				CLANG_WARN_RANGE_LOOP_ANALYSIS = YES;
				CLANG_WARN_STRICT_PROTOTYPES = YES;
				CLANG_WARN_SUSPICIOUS_MOVE = YES;
				CLANG_WARN_UNGUARDED_AVAILABILITY = YES_AGGRESSIVE;
				CLANG_WARN_UNREACHABLE_CODE = YES;
				CLANG_WARN__DUPLICATE_METHOD_MATCH = YES;
				COPY_PHASE_STRIP = NO;
				DEBUG_INFORMATION_FORMAT = "dwarf-with-dsym";
				ENABLE_NS_ASSERTIONS = NO;
				ENABLE_STRICT_OBJC_MSGSEND = YES;
				ENABLE_USER_SCRIPT_SANDBOXING = YES;
				GCC_C_LANGUAGE_STANDARD = gnu17;
				GCC_NO_COMMON_BLOCKS = YES;
				GCC_WARN_64_TO_32_BIT_CONVERSION = YES;
				GCC_WARN_ABOUT_RETURN_TYPE = YES_ERROR;
				GCC_WARN_UNDECLARED_SELECTOR = YES;
				GCC_WARN_UNINITIALIZED_AUTOS = YES_AGGRESSIVE;
				GCC_WARN_UNUSED_FUNCTION = YES;
				GCC_WARN_UNUSED_VARIABLE = YES;
				LOCALIZATION_PREFERS_STRING_CATALOGS = YES;
				MACOSX_DEPLOYMENT_TARGET = 13.0;
				MTL_FAST_MATH = YES;
				SDKROOT = macosx;
				SWIFT_COMPILATION_MODE = wholemodule;
			};
			name = Release;
		};
		AABB00000000000EAABB000E /* Debug */ = {
			isa = XCBuildConfiguration;
			buildSettings = {
				ASSETCATALOG_COMPILER_APPICON_NAME = AppIcon;
				ASSETCATALOG_COMPILER_GLOBAL_ACCENT_COLOR_NAME = AccentColor;
				CODE_SIGN_ENTITLEMENTS = "";
				CODE_SIGN_STYLE = Automatic;
				COMBINE_HIDPI_IMAGES = YES;
				CURRENT_PROJECT_VERSION = 1;
				GENERATE_INFOPLIST_FILE = NO;
				INFOPLIST_FILE = statsBar/Info.plist;
				LD_RUNPATH_SEARCH_PATHS = (
					"$(inherited)",
					"@executable_path/../Frameworks",
				);
				MACOSX_DEPLOYMENT_TARGET = 13.0;
				MARKETING_VERSION = 1.0;
				PRODUCT_BUNDLE_IDENTIFIER = com.bharathveluri.statsBar;
				PRODUCT_NAME = "$(TARGET_NAME)";
				SWIFT_EMIT_LOC_STRINGS = YES;
				SWIFT_VERSION = 5;
			};
			name = Debug;
		};
		AABB00000000000FAABB000F /* Release */ = {
			isa = XCBuildConfiguration;
			buildSettings = {
				ASSETCATALOG_COMPILER_APPICON_NAME = AppIcon;
				ASSETCATALOG_COMPILER_GLOBAL_ACCENT_COLOR_NAME = AccentColor;
				CODE_SIGN_ENTITLEMENTS = "";
				CODE_SIGN_STYLE = Automatic;
				COMBINE_HIDPI_IMAGES = YES;
				CURRENT_PROJECT_VERSION = 1;
				GENERATE_INFOPLIST_FILE = NO;
				INFOPLIST_FILE = statsBar/Info.plist;
				LD_RUNPATH_SEARCH_PATHS = (
					"$(inherited)",
					"@executable_path/../Frameworks",
				);
				MACOSX_DEPLOYMENT_TARGET = 13.0;
				MARKETING_VERSION = 1.0;
				PRODUCT_BUNDLE_IDENTIFIER = com.bharathveluri.statsBar;
				PRODUCT_NAME = "$(TARGET_NAME)";
				SWIFT_EMIT_LOC_STRINGS = YES;
				SWIFT_VERSION = 5;
			};
			name = Release;
		};
/* End XCBuildConfiguration section */

/* Begin XCConfigurationList section */
		AABB00000000000AAABB000A /* Build configuration list for PBXProject "statsBar" */ = {
			isa = XCConfigurationList;
			buildConfigurations = (
				AABB00000000000CAABB000C /* Debug */,
				AABB00000000000DAABB000D /* Release */,
			);
			defaultConfigurationIsVisible = 0;
			defaultConfigurationName = Release;
		};
		AABB000000000031AABB0031 /* Build configuration list for PBXNativeTarget "statsBar" */ = {
			isa = XCConfigurationList;
			buildConfigurations = (
				AABB00000000000EAABB000E /* Debug */,
				AABB00000000000FAABB000F /* Release */,
			);
			defaultConfigurationIsVisible = 0;
			defaultConfigurationName = Release;
		};
/* End XCConfigurationList section */
	};
	rootObject = AABB000000000001AABB0001 /* Project object */;
}
